
Microsoft Visual Studio Solution File, Format Version 12.00
# Visual Studio Version 17
VisualStudioVersion = 17.2.32526.322
MinimumVisualStudioVersion = 10.0.40219.1
Project("{FAE04EC0-301F-11D3-BF4B-00C04F79EFBC}") = "ProducerConsumer", "ProducerConsumer\ProducerConsumer.csproj", "{9F3B6046-34A1-4321-ACD0-92B17BF928BB}"
EndProject
Global
	GlobalSection(SolutionConfigurationPlatforms) = preSolution
		Debug|Any CPU = Debug|Any CPU
		Release|Any CPU = Release|Any CPU
	EndGlobalSection
	GlobalSection(ProjectConfigurationPlatforms) = postSolution
		{9F3B6046-34A1-4321-ACD0-92B17BF928BB}.Debug|Any CPU.ActiveCfg = Debug|Any CPU
		{9F3B6046-34A1-4321-ACD0-92B17BF928BB}.Debug|Any CPU.Build.0 = Debug|Any CPU
		{9F3B6046-34A1-4321-ACD0-92B17BF928BB}.Release|Any CPU.ActiveCfg = Release|Any CPU
		{9F3B6046-34A1-4321-ACD0-92B17BF928BB}.Release|Any CPU.Build.0 = Release|Any CPU
	EndGlobalSection
	GlobalSection(SolutionProperties) = preSolution
		HideSolutionNode = FALSE
	EndGlobalSection
	GlobalSection(ExtensibilityGlobals) = postSolution
		SolutionGuid = {128497A5-F3D4-467B-A6FF-09826455308A}
	EndGlobalSection
EndGlobal
